{
  "lockfileVersion": 1,
  "workspaces": {
    "": {
      "devDependencies": {
        "@types/k6": "^1.0.2",
      },
    },
  },
  "packages": {
    "@types/k6": ["@types/k6@1.0.2", "", {}, "sha512-bpja1c7OXIJk06aPGN+Aw5f3QhP0PjvgX2Fwfa3rJUaUI+O1ZE3491g9hMjhH21ZlTaAhz7h6veyxaz/RqPUTg=="],
  }
}
